// !$*UTF8*$!
{
	archiveVersion = 1;
	classes = {
	};
	objectVersion = 56;
	objects = {

/* Begin PBXBuildFile section */
		9A30557D2C7721D700DCF617 /* AppDelegate.swift in Sources */ = {isa = PBXBuildFile; fileRef = 9A30557C2C7721D700DCF617 /* AppDelegate.swift */; };
		9A30557F2C7721D700DCF617 /* SceneDelegate.swift in Sources */ = {isa = PBXBuildFile; fileRef = 9A30557E2C7721D700DCF617 /* SceneDelegate.swift */; };
		9A3055812C7721D700DCF617 /* ViewController.swift in Sources */ = {isa = PBXBuildFile; fileRef = 9A3055802C7721D700DCF617 /* ViewController.swift */; };
		9A3055842C7721D700DCF617 /* Main.storyboard in Resources */ = {isa = PBXBuildFile; fileRef = 9A3055822C7721D700DCF617 /* Main.storyboard */; };
		9A3055862C7721D900DCF617 /* Assets.xcassets in Resources */ = {isa = PBXBuildFile; fileRef = 9A3055852C7721D900DCF617 /* Assets.xcassets */; };
		9A3055892C7721D900DCF617 /* LaunchScreen.storyboard in Resources */ = {isa = PBXBuildFile; fileRef = 9A3055872C7721D900DCF617 /* LaunchScreen.storyboard */; };
		9A3055942C7721DA00DCF617 /* signupPageTests.swift in Sources */ = {isa = PBXBuildFile; fileRef = 9A3055932C7721DA00DCF617 /* signupPageTests.swift */; };
		9A30559E2C7721DA00DCF617 /* signupPageUITests.swift in Sources */ = {isa = PBXBuildFile; fileRef = 9A30559D2C7721DA00DCF617 /* signupPageUITests.swift */; };
		9A3055A02C7721DA00DCF617 /* signupPageUITestsLaunchTests.swift in Sources */ = {isa = PBXBuildFile; fileRef = 9A30559F2C7721DA00DCF617 /* signupPageUITestsLaunchTests.swift */; };
/* End PBXBuildFile section */

/* Begin PBXContainerItemProxy section */
		9A3055902C7721D900DCF617 /* PBXContainerItemProxy */ = {
			isa = PBXContainerItemProxy;
			containerPortal = 9A3055712C7721D700DCF617 /* Project object */;
			proxyType = 1;
			remoteGlobalIDString = 9A3055782C7721D700DCF617;
			remoteInfo = signupPage;
		};
		9A30559A2C7721DA00DCF617 /* PBXContainerItemProxy */ = {
			isa = PBXContainerItemProxy;
			containerPortal = 9A3055712C7721D700DCF617 /* Project object */;
			proxyType = 1;
			remoteGlobalIDString = 9A3055782C7721D700DCF617;
			remoteInfo = signupPage;
		};
/* End PBXContainerItemProxy section */

/* Begin PBXFileReference section */
		9A3055792C7721D700DCF617 /* signupPage.app */ = {isa = PBXFileReference; explicitFileType = wrapper.application; includeInIndex = 0; path = signupPage.app; sourceTree = BUILT_PRODUCTS_DIR; };
		9A30557C2C7721D700DCF617 /* AppDelegate.swift */ = {isa = PBXFileReference; lastKnownFileType = sourcecode.swift; path = AppDelegate.swift; sourceTree = "<group>"; };
		9A30557E2C7721D700DCF617 /* SceneDelegate.swift */ = {isa = PBXFileReference; lastKnownFileType = sourcecode.swift; path = SceneDelegate.swift; sourceTree = "<group>"; };
		9A3055802C7721D700DCF617 /* ViewController.swift */ = {isa = PBXFileReference; lastKnownFileType = sourcecode.swift; path = ViewController.swift; sourceTree = "<group>"; };
		9A3055832C7721D700DCF617 /* Base */ = {isa = PBXFileReference; lastKnownFileType = file.storyboard; name = Base; path = Base.lproj/Main.storyboard; sourceTree = "<group>"; };
		9A3055852C7721D900DCF617 /* Assets.xcassets */ = {isa = PBXFileReference; lastKnownFileType = folder.assetcatalog; path = Assets.xcassets; sourceTree = "<group>"; };
		9A3055882C7721D900DCF617 /* Base */ = {isa = PBXFileReference; lastKnownFileType = file.storyboard; name = Base; path = Base.lproj/LaunchScreen.storyboard; sourceTree = "<group>"; };
		9A30558A2C7721D900DCF617 /* Info.plist */ = {isa = PBXFileReference; lastKnownFileType = text.plist.xml; path = Info.plist; sourceTree = "<group>"; };
		9A30558F2C7721D900DCF617 /* signupPageTests.xctest */ = {isa = PBXFileReference; explicitFileType = wrapper.cfbundle; includeInIndex = 0; path = signupPageTests.xctest; sourceTree = BUILT_PRODUCTS_DIR; };
		9A3055932C7721DA00DCF617 /* signupPageTests.swift */ = {isa = PBXFileReference; lastKnownFileType = sourcecode.swift; path = signupPageTests.swift; sourceTree = "<group>"; };
		9A3055992C7721DA00DCF617 /* signupPageUITests.xctest */ = {isa = PBXFileReference; explicitFileType = wrapper.cfbundle; includeInIndex = 0; path = signupPageUITests.xctest; sourceTree = BUILT_PRODUCTS_DIR; };
		9A30559D2C7721DA00DCF617 /* signupPageUITests.swift */ = {isa = PBXFileReference; lastKnownFileType = sourcecode.swift; path = signupPageUITests.swift; sourceTree = "<group>"; };
		9A30559F2C7721DA00DCF617 /* signupPageUITestsLaunchTests.swift */ = {isa = PBXFileReference; lastKnownFileType = sourcecode.swift; path = signupPageUITestsLaunchTests.swift; sourceTree = "<group>"; };
/* End PBXFileReference section */

/* Begin PBXFrameworksBuildPhase section */
		9A3055762C7721D700DCF617 /* Frameworks */ = {
			isa = PBXFrameworksBuildPhase;
			buildActionMask = 2147483647;
			files = (
			);
			runOnlyForDeploymentPostprocessing = 0;
		};
		9A30558C2C7721D900DCF617 /* Frameworks */ = {
			isa = PBXFrameworksBuildPhase;
			buildActionMask = 2147483647;
			files = (
			);
			runOnlyForDeploymentPostprocessing = 0;
		};
		9A3055962C7721DA00DCF617 /* Frameworks */ = {
			isa = PBXFrameworksBuildPhase;
			buildActionMask = 2147483647;
			files = (
			);
			runOnlyForDeploymentPostprocessing = 0;
		};
/* End PBXFrameworksBuildPhase section */

/* Begin PBXGroup section */
		9A3055702C7721D700DCF617 = {
			isa = PBXGroup;
			children = (
				9A30557B2C7721D700DCF617 /* signupPage */,
				9A3055922C7721D900DCF617 /* signupPageTests */,
				9A30559C2C7721DA00DCF617 /* signupPageUITests */,
				9A30557A2C7721D700DCF617 /* Products */,
			);
			sourceTree = "<group>";
		};
		9A30557A2C7721D700DCF617 /* Products */ = {
			isa = PBXGroup;
			children = (
				9A3055792C7721D700DCF617 /* signupPage.app */,
				9A30558F2C7721D900DCF617 /* signupPageTests.xctest */,
				9A3055992C7721DA00DCF617 /* signupPageUITests.xctest */,
			);
			name = Products;
			sourceTree = "<group>";
		};
		9A30557B2C7721D700DCF617 /* signupPage */ = {
			isa = PBXGroup;
			children = (
				9A30557C2C7721D700DCF617 /* AppDelegate.swift */,
				9A30557E2C7721D700DCF617 /* SceneDelegate.swift */,
				9A3055802C7721D700DCF617 /* ViewController.swift */,
				9A3055822C7721D700DCF617 /* Main.storyboard */,
				9A3055852C7721D900DCF617 /* Assets.xcassets */,
				9A3055872C7721D900DCF617 /* LaunchScreen.storyboard */,
				9A30558A2C7721D900DCF617 /* Info.plist */,
			);
			path = signupPage;
			sourceTree = "<group>";
		};
		9A3055922C7721D900DCF617 /* signupPageTests */ = {
			isa = PBXGroup;
			children = (
				9A3055932C7721DA00DCF617 /* signupPageTests.swift */,
			);
			path = signupPageTests;
			sourceTree = "<group>";
		};
		9A30559C2C7721DA00DCF617 /* signupPageUITests */ = {
			isa = PBXGroup;
			children = (
				9A30559D2C7721DA00DCF617 /* signupPageUITests.swift */,
				9A30559F2C7721DA00DCF617 /* signupPageUITestsLaunchTests.swift */,
			);
			path = signupPageUITests;
			sourceTree = "<group>";
		};
/* End PBXGroup section */

/* Begin PBXNativeTarget section */
		9A3055782C7721D700DCF617 /* signupPage */ = {
			isa = PBXNativeTarget;
			buildConfigurationList = 9A3055A32C7721DA00DCF617 /* Build configuration list for PBXNativeTarget "signupPage" */;
			buildPhases = (
				9A3055752C7721D700DCF617 /* Sources */,
				9A3055762C7721D700DCF617 /* Frameworks */,
				9A3055772C7721D700DCF617 /* Resources */,
			);
			buildRules = (
			);
			dependencies = (
			);
			name = signupPage;
			productName = signupPage;
			productReference = 9A3055792C7721D700DCF617 /* signupPage.app */;
			productType = "com.apple.product-type.application";
		};
		9A30558E2C7721D900DCF617 /* signupPageTests */ = {
			isa = PBXNativeTarget;
			buildConfigurationList = 9A3055A62C7721DA00DCF617 /* Build configuration list for PBXNativeTarget "signupPageTests" */;
			buildPhases = (
				9A30558B2C7721D900DCF617 /* Sources */,
				9A30558C2C7721D900DCF617 /* Frameworks */,
				9A30558D2C7721D900DCF617 /* Resources */,
			);
			buildRules = (
			);
			dependencies = (
				9A3055912C7721D900DCF617 /* PBXTargetDependency */,
			);
			name = signupPageTests;
			productName = signupPageTests;
			productReference = 9A30558F2C7721D900DCF617 /* signupPageTests.xctest */;
			productType = "com.apple.product-type.bundle.unit-test";
		};
		9A3055982C7721DA00DCF617 /* signupPageUITests */ = {
			isa = PBXNativeTarget;
			buildConfigurationList = 9A3055A92C7721DA00DCF617 /* Build configuration list for PBXNativeTarget "signupPageUITests" */;
			buildPhases = (
				9A3055952C7721DA00DCF617 /* Sources */,
				9A3055962C7721DA00DCF617 /* Frameworks */,
				9A3055972C7721DA00DCF617 /* Resources */,
			);
			buildRules = (
			);
			dependencies = (
				9A30559B2C7721DA00DCF617 /* PBXTargetDependency */,
			);
			name = signupPageUITests;
			productName = signupPageUITests;
			productReference = 9A3055992C7721DA00DCF617 /* signupPageUITests.xctest */;
			productType = "com.apple.product-type.bundle.ui-testing";
		};
/* End PBXNativeTarget section */

/* Begin PBXProject section */
		9A3055712C7721D700DCF617 /* Project object */ = {
			isa = PBXProject;
			attributes = {
				BuildIndependentTargetsInParallel = 1;
				LastSwiftUpdateCheck = 1420;
				LastUpgradeCheck = 1420;
				TargetAttributes = {
					9A3055782C7721D700DCF617 = {
						CreatedOnToolsVersion = 14.2;
					};
					9A30558E2C7721D900DCF617 = {
						CreatedOnToolsVersion = 14.2;
						TestTargetID = 9A3055782C7721D700DCF617;
					};
					9A3055982C7721DA00DCF617 = {
						CreatedOnToolsVersion = 14.2;
						TestTargetID = 9A3055782C7721D700DCF617;
					};
				};
			};
			buildConfigurationList = 9A3055742C7721D700DCF617 /* Build configuration list for PBXProject "signupPage" */;
			compatibilityVersion = "Xcode 14.0";
			developmentRegion = en;
			hasScannedForEncodings = 0;
			knownRegions = (
				en,
				Base,
			);
			mainGroup = 9A3055702C7721D700DCF617;
			productRefGroup = 9A30557A2C7721D700DCF617 /* Products */;
			projectDirPath = "";
			projectRoot = "";
			targets = (
				9A3055782C7721D700DCF617 /* signupPage */,
				9A30558E2C7721D900DCF617 /* signupPageTests */,
				9A3055982C7721DA00DCF617 /* signupPageUITests */,
			);
		};
/* End PBXProject section */

/* Begin PBXResourcesBuildPhase section */
		9A3055772C7721D700DCF617 /* Resources */ = {
			isa = PBXResourcesBuildPhase;
			buildActionMask = 2147483647;
			files = (
				9A3055892C7721D900DCF617 /* LaunchScreen.storyboard in Resources */,
				9A3055862C7721D900DCF617 /* Assets.xcassets in Resources */,
				9A3055842C7721D700DCF617 /* Main.storyboard in Resources */,
			);
			runOnlyForDeploymentPostprocessing = 0;
		};
		9A30558D2C7721D900DCF617 /* Resources */ = {
			isa = PBXResourcesBuildPhase;
			buildActionMask = 2147483647;
			files = (
			);
			runOnlyForDeploymentPostprocessing = 0;
		};
		9A3055972C7721DA00DCF617 /* Resources */ = {
			isa = PBXResourcesBuildPhase;
			buildActionMask = 2147483647;
			files = (
			);
			runOnlyForDeploymentPostprocessing = 0;
		};
/* End PBXResourcesBuildPhase section */

/* Begin PBXSourcesBuildPhase section */
		9A3055752C7721D700DCF617 /* Sources */ = {
			isa = PBXSourcesBuildPhase;
			buildActionMask = 2147483647;
			files = (
				9A3055812C7721D700DCF617 /* ViewController.swift in Sources */,
				9A30557D2C7721D700DCF617 /* AppDelegate.swift in Sources */,
				9A30557F2C7721D700DCF617 /* SceneDelegate.swift in Sources */,
			);
			runOnlyForDeploymentPostprocessing = 0;
		};
		9A30558B2C7721D900DCF617 /* Sources */ = {
			isa = PBXSourcesBuildPhase;
			buildActionMask = 2147483647;
			files = (
				9A3055942C7721DA00DCF617 /* signupPageTests.swift in Sources */,
			);
			runOnlyForDeploymentPostprocessing = 0;
		};
		9A3055952C7721DA00DCF617 /* Sources */ = {
			isa = PBXSourcesBuildPhase;
			buildActionMask = 2147483647;
			files = (
				9A30559E2C7721DA00DCF617 /* signupPageUITests.swift in Sources */,
				9A3055A02C7721DA00DCF617 /* signupPageUITestsLaunchTests.swift in Sources */,
			);
			runOnlyForDeploymentPostprocessing = 0;
		};
/* End PBXSourcesBuildPhase section */

/* Begin PBXTargetDependency section */
		9A3055912C7721D900DCF617 /* PBXTargetDependency */ = {
			isa = PBXTargetDependency;
			target = 9A3055782C7721D700DCF617 /* signupPage */;
			targetProxy = 9A3055902C7721D900DCF617 /* PBXContainerItemProxy */;
		};
		9A30559B2C7721DA00DCF617 /* PBXTargetDependency */ = {
			isa = PBXTargetDependency;
			target = 9A3055782C7721D700DCF617 /* signupPage */;
			targetProxy = 9A30559A2C7721DA00DCF617 /* PBXContainerItemProxy */;
		};
/* End PBXTargetDependency section */

/* Begin PBXVariantGroup section */
		9A3055822C7721D700DCF617 /* Main.storyboard */ = {
			isa = PBXVariantGroup;
			children = (
				9A3055832C7721D700DCF617 /* Base */,
			);
			name = Main.storyboard;
			sourceTree = "<group>";
		};
		9A3055872C7721D900DCF617 /* LaunchScreen.storyboard */ = {
			isa = PBXVariantGroup;
			children = (
				9A3055882C7721D900DCF617 /* Base */,
			);
			name = LaunchScreen.storyboard;
			sourceTree = "<group>";
		};
/* End PBXVariantGroup section */

/* Begin XCBuildConfiguration section */
		9A3055A12C7721DA00DCF617 /* Debug */ = {
			isa = XCBuildConfiguration;
			buildSettings = {
				ALWAYS_SEARCH_USER_PATHS = NO;
				CLANG_ANALYZER_NONNULL = YES;
				CLANG_ANALYZER_NUMBER_OBJECT_CONVERSION = YES_AGGRESSIVE;
				CLANG_CXX_LANGUAGE_STANDARD = "gnu++20";
				CLANG_ENABLE_MODULES = YES;
				CLANG_ENABLE_OBJC_ARC = YES;
				CLANG_ENABLE_OBJC_WEAK = YES;
				CLANG_WARN_BLOCK_CAPTURE_AUTORELEASING = YES;
				CLANG_WARN_BOOL_CONVERSION = YES;
				CLANG_WARN_COMMA = YES;
				CLANG_WARN_CONSTANT_CONVERSION = YES;
				CLANG_WARN_DEPRECATED_OBJC_IMPLEMENTATIONS = YES;
				CLANG_WARN_DIRECT_OBJC_ISA_USAGE = YES_ERROR;
				CLANG_WARN_DOCUMENTATION_COMMENTS = YES;
				CLANG_WARN_EMPTY_BODY = YES;
				CLANG_WARN_ENUM_CONVERSION = YES;
				CLANG_WARN_INFINITE_RECURSION = YES;
				CLANG_WARN_INT_CONVERSION = YES;
				CLANG_WARN_NON_LITERAL_NULL_CONVERSION = YES;
				CLANG_WARN_OBJC_IMPLICIT_RETAIN_SELF = YES;
				CLANG_WARN_OBJC_LITERAL_CONVERSION = YES;
				CLANG_WARN_OBJC_ROOT_CLASS = YES_ERROR;
				CLANG_WARN_QUOTED_INCLUDE_IN_FRAMEWORK_HEADER = YES;
				CLANG_WARN_RANGE_LOOP_ANALYSIS = YES;
				CLANG_WARN_STRICT_PROTOTYPES = YES;
				CLANG_WARN_SUSPICIOUS_MOVE = YES;
				CLANG_WARN_UNGUARDED_AVAILABILITY = YES_AGGRESSIVE;
				CLANG_WARN_UNREACHABLE_CODE = YES;
				CLANG_WARN__DUPLICATE_METHOD_MATCH = YES;
				COPY_PHASE_STRIP = NO;
				DEBUG_INFORMATION_FORMAT = dwarf;
				ENABLE_STRICT_OBJC_MSGSEND = YES;
				ENABLE_TESTABILITY = YES;
				GCC_C_LANGUAGE_STANDARD = gnu11;
				GCC_DYNAMIC_NO_PIC = NO;
				GCC_NO_COMMON_BLOCKS = YES;
				GCC_OPTIMIZATION_LEVEL = 0;
				GCC_PREPROCESSOR_DEFINITIONS = (
					"DEBUG=1",
					"$(inherited)",
				);
				GCC_WARN_64_TO_32_BIT_CONVERSION = YES;
				GCC_WARN_ABOUT_RETURN_TYPE = YES_ERROR;
				GCC_WARN_UNDECLARED_SELECTOR = YES;
				GCC_WARN_UNINITIALIZED_AUTOS = YES_AGGRESSIVE;
				GCC_WARN_UNUSED_FUNCTION = YES;
				GCC_WARN_UNUSED_VARIABLE = YES;
				IPHONEOS_DEPLOYMENT_TARGET = 16.2;
				MTL_ENABLE_DEBUG_INFO = INCLUDE_SOURCE;
				MTL_FAST_MATH = YES;
				ONLY_ACTIVE_ARCH = YES;
				SDKROOT = iphoneos;
				SWIFT_ACTIVE_COMPILATION_CONDITIONS = DEBUG;
				SWIFT_OPTIMIZATION_LEVEL = "-Onone";
			};
			name = Debug;
		};
		9A3055A22C7721DA00DCF617 /* Release */ = {
			isa = XCBuildConfiguration;
			buildSettings = {
				ALWAYS_SEARCH_USER_PATHS = NO;
				CLANG_ANALYZER_NONNULL = YES;
				CLANG_ANALYZER_NUMBER_OBJECT_CONVERSION = YES_AGGRESSIVE;
				CLANG_CXX_LANGUAGE_STANDARD = "gnu++20";
				CLANG_ENABLE_MODULES = YES;
				CLANG_ENABLE_OBJC_ARC = YES;
				CLANG_ENABLE_OBJC_WEAK = YES;
				CLANG_WARN_BLOCK_CAPTURE_AUTORELEASING = YES;
				CLANG_WARN_BOOL_CONVERSION = YES;
				CLANG_WARN_COMMA = YES;
				CLANG_WARN_CONSTANT_CONVERSION = YES;
				CLANG_WARN_DEPRECATED_OBJC_IMPLEMENTATIONS = YES;
				CLANG_WARN_DIRECT_OBJC_ISA_USAGE = YES_ERROR;
				CLANG_WARN_DOCUMENTATION_COMMENTS = YES;
				CLANG_WARN_EMPTY_BODY = YES;
				CLANG_WARN_ENUM_CONVERSION = YES;
				CLANG_WARN_INFINITE_RECURSION = YES;
				CLANG_WARN_INT_CONVERSION = YES;
				CLANG_WARN_NON_LITERAL_NULL_CONVERSION = YES;
				CLANG_WARN_OBJC_IMPLICIT_RETAIN_SELF = YES;
				CLANG_WARN_OBJC_LITERAL_CONVERSION = YES;
				CLANG_WARN_OBJC_ROOT_CLASS = YES_ERROR;
				CLANG_WARN_QUOTED_INCLUDE_IN_FRAMEWORK_HEADER = YES;
				CLANG_WARN_RANGE_LOOP_ANALYSIS = YES;
				CLANG_WARN_STRICT_PROTOTYPES = YES;
				CLANG_WARN_SUSPICIOUS_MOVE = YES;
				CLANG_WARN_UNGUARDED_AVAILABILITY = YES_AGGRESSIVE;
				CLANG_WARN_UNREACHABLE_CODE = YES;
				CLANG_WARN__DUPLICATE_METHOD_MATCH = YES;
				COPY_PHASE_STRIP = NO;
				DEBUG_INFORMATION_FORMAT = "dwarf-with-dsym";
				ENABLE_NS_ASSERTIONS = NO;
				ENABLE_STRICT_OBJC_MSGSEND = YES;
				GCC_C_LANGUAGE_STANDARD = gnu11;
				GCC_NO_COMMON_BLOCKS = YES;
				GCC_WARN_64_TO_32_BIT_CONVERSION = YES;
				GCC_WARN_ABOUT_RETURN_TYPE = YES_ERROR;
				GCC_WARN_UNDECLARED_SELECTOR = YES;
				GCC_WARN_UNINITIALIZED_AUTOS = YES_AGGRESSIVE;
				GCC_WARN_UNUSED_FUNCTION = YES;
				GCC_WARN_UNUSED_VARIABLE = YES;
				IPHONEOS_DEPLOYMENT_TARGET = 16.2;
				MTL_ENABLE_DEBUG_INFO = NO;
				MTL_FAST_MATH = YES;
				SDKROOT = iphoneos;
				SWIFT_COMPILATION_MODE = wholemodule;
				SWIFT_OPTIMIZATION_LEVEL = "-O";
				VALIDATE_PRODUCT = YES;
			};
			name = Release;
		};
		9A3055A42C7721DA00DCF617 /* Debug */ = {
			isa = XCBuildConfiguration;
			buildSettings = {
				ASSETCATALOG_COMPILER_APPICON_NAME = AppIcon;
				ASSETCATALOG_COMPILER_GLOBAL_ACCENT_COLOR_NAME = AccentColor;
				CODE_SIGN_STYLE = Automatic;
				CURRENT_PROJECT_VERSION = 1;
				GENERATE_INFOPLIST_FILE = YES;
				INFOPLIST_FILE = signupPage/Info.plist;
				INFOPLIST_KEY_UIApplicationSupportsIndirectInputEvents = YES;
				INFOPLIST_KEY_UILaunchStoryboardName = LaunchScreen;
				INFOPLIST_KEY_UIMainStoryboardFile = Main;
				INFOPLIST_KEY_UISupportedInterfaceOrientations_iPad = "UIInterfaceOrientationPortrait UIInterfaceOrientationPortraitUpsideDown UIInterfaceOrientationLandscapeLeft UIInterfaceOrientationLandscapeRight";
				INFOPLIST_KEY_UISupportedInterfaceOrientations_iPhone = "UIInterfaceOrientationPortrait UIInterfaceOrientationLandscapeLeft UIInterfaceOrientationLandscapeRight";
				LD_RUNPATH_SEARCH_PATHS = (
					"$(inherited)",
					"@executable_path/Frameworks",
				);
				MARKETING_VERSION = 1.0;
				PRODUCT_BUNDLE_IDENTIFIER = com.kj.signupPage;
				PRODUCT_NAME = "$(TARGET_NAME)";
				SWIFT_EMIT_LOC_STRINGS = YES;
				SWIFT_VERSION = 5.0;
				TARGETED_DEVICE_FAMILY = "1,2";
			};
			name = Debug;
		};
		9A3055A52C7721DA00DCF617 /* Release */ = {
			isa = XCBuildConfiguration;
			buildSettings = {
				ASSETCATALOG_COMPILER_APPICON_NAME = AppIcon;
				ASSETCATALOG_COMPILER_GLOBAL_ACCENT_COLOR_NAME = AccentColor;
				CODE_SIGN_STYLE = Automatic;
				CURRENT_PROJECT_VERSION = 1;
				GENERATE_INFOPLIST_FILE = YES;
				INFOPLIST_FILE = signupPage/Info.plist;
				INFOPLIST_KEY_UIApplicationSupportsIndirectInputEvents = YES;
				INFOPLIST_KEY_UILaunchStoryboardName = LaunchScreen;
				INFOPLIST_KEY_UIMainStoryboardFile = Main;
				INFOPLIST_KEY_UISupportedInterfaceOrientations_iPad = "UIInterfaceOrientationPortrait UIInterfaceOrientationPortraitUpsideDown UIInterfaceOrientationLandscapeLeft UIInterfaceOrientationLandscapeRight";
				INFOPLIST_KEY_UISupportedInterfaceOrientations_iPhone = "UIInterfaceOrientationPortrait UIInterfaceOrientationLandscapeLeft UIInterfaceOrientationLandscapeRight";
				LD_RUNPATH_SEARCH_PATHS = (
					"$(inherited)",
					"@executable_path/Frameworks",
				);
				MARKETING_VERSION = 1.0;
				PRODUCT_BUNDLE_IDENTIFIER = com.kj.signupPage;
				PRODUCT_NAME = "$(TARGET_NAME)";
				SWIFT_EMIT_LOC_STRINGS = YES;
				SWIFT_VERSION = 5.0;
				TARGETED_DEVICE_FAMILY = "1,2";
			};
			name = Release;
		};
		9A3055A72C7721DA00DCF617 /* Debug */ = {
			isa = XCBuildConfiguration;
			buildSettings = {
				ALWAYS_EMBED_SWIFT_STANDARD_LIBRARIES = YES;
				BUNDLE_LOADER = "$(TEST_HOST)";
				CODE_SIGN_STYLE = Automatic;
				CURRENT_PROJECT_VERSION = 1;
				GENERATE_INFOPLIST_FILE = YES;
				IPHONEOS_DEPLOYMENT_TARGET = 16.2;
				MARKETING_VERSION = 1.0;
				PRODUCT_BUNDLE_IDENTIFIER = com.kj.signupPageTests;
				PRODUCT_NAME = "$(TARGET_NAME)";
				SWIFT_EMIT_LOC_STRINGS = NO;
				SWIFT_VERSION = 5.0;
				TARGETED_DEVICE_FAMILY = "1,2";
				TEST_HOST = "$(BUILT_PRODUCTS_DIR)/signupPage.app/$(BUNDLE_EXECUTABLE_FOLDER_PATH)/signupPage";
			};
			name = Debug;
		};
		9A3055A82C7721DA00DCF617 /* Release */ = {
			isa = XCBuildConfiguration;
			buildSettings = {
				ALWAYS_EMBED_SWIFT_STANDARD_LIBRARIES = YES;
				BUNDLE_LOADER = "$(TEST_HOST)";
				CODE_SIGN_STYLE = Automatic;
				CURRENT_PROJECT_VERSION = 1;
				GENERATE_INFOPLIST_FILE = YES;
				IPHONEOS_DEPLOYMENT_TARGET = 16.2;
				MARKETING_VERSION = 1.0;
				PRODUCT_BUNDLE_IDENTIFIER = com.kj.signupPageTests;
				PRODUCT_NAME = "$(TARGET_NAME)";
				SWIFT_EMIT_LOC_STRINGS = NO;
				SWIFT_VERSION = 5.0;
				TARGETED_DEVICE_FAMILY = "1,2";
				TEST_HOST = "$(BUILT_PRODUCTS_DIR)/signupPage.app/$(BUNDLE_EXECUTABLE_FOLDER_PATH)/signupPage";
			};
			name = Release;
		};
		9A3055AA2C7721DA00DCF617 /* Debug */ = {
			isa = XCBuildConfiguration;
			buildSettings = {
				ALWAYS_EMBED_SWIFT_STANDARD_LIBRARIES = YES;
				CODE_SIGN_STYLE = Automatic;
				CURRENT_PROJECT_VERSION = 1;
				GENERATE_INFOPLIST_FILE = YES;
				MARKETING_VERSION = 1.0;
				PRODUCT_BUNDLE_IDENTIFIER = com.kj.signupPageUITests;
				PRODUCT_NAME = "$(TARGET_NAME)";
				SWIFT_EMIT_LOC_STRINGS = NO;
				SWIFT_VERSION = 5.0;
				TARGETED_DEVICE_FAMILY = "1,2";
				TEST_TARGET_NAME = signupPage;
			};
			name = Debug;
		};
		9A3055AB2C7721DA00DCF617 /* Release */ = {
			isa = XCBuildConfiguration;
			buildSettings = {
				ALWAYS_EMBED_SWIFT_STANDARD_LIBRARIES = YES;
				CODE_SIGN_STYLE = Automatic;
				CURRENT_PROJECT_VERSION = 1;
				GENERATE_INFOPLIST_FILE = YES;
				MARKETING_VERSION = 1.0;
				PRODUCT_BUNDLE_IDENTIFIER = com.kj.signupPageUITests;
				PRODUCT_NAME = "$(TARGET_NAME)";
				SWIFT_EMIT_LOC_STRINGS = NO;
				SWIFT_VERSION = 5.0;
				TARGETED_DEVICE_FAMILY = "1,2";
				TEST_TARGET_NAME = signupPage;
			};
			name = Release;
		};
/* End XCBuildConfiguration section */

/* Begin XCConfigurationList section */
		9A3055742C7721D700DCF617 /* Build configuration list for PBXProject "signupPage" */ = {
			isa = XCConfigurationList;
			buildConfigurations = (
				9A3055A12C7721DA00DCF617 /* Debug */,
				9A3055A22C7721DA00DCF617 /* Release */,
			);
			defaultConfigurationIsVisible = 0;
			defaultConfigurationName = Release;
		};
		9A3055A32C7721DA00DCF617 /* Build configuration list for PBXNativeTarget "signupPage" */ = {
			isa = XCConfigurationList;
			buildConfigurations = (
				9A3055A42C7721DA00DCF617 /* Debug */,
				9A3055A52C7721DA00DCF617 /* Release */,
			);
			defaultConfigurationIsVisible = 0;
			defaultConfigurationName = Release;
		};
		9A3055A62C7721DA00DCF617 /* Build configuration list for PBXNativeTarget "signupPageTests" */ = {
			isa = XCConfigurationList;
			buildConfigurations = (
				9A3055A72C7721DA00DCF617 /* Debug */,
				9A3055A82C7721DA00DCF617 /* Release */,
			);
			defaultConfigurationIsVisible = 0;
			defaultConfigurationName = Release;
		};
		9A3055A92C7721DA00DCF617 /* Build configuration list for PBXNativeTarget "signupPageUITests" */ = {
			isa = XCConfigurationList;
			buildConfigurations = (
				9A3055AA2C7721DA00DCF617 /* Debug */,
				9A3055AB2C7721DA00DCF617 /* Release */,
			);
			defaultConfigurationIsVisible = 0;
			defaultConfigurationName = Release;
		};
/* End XCConfigurationList section */
	};
	rootObject = 9A3055712C7721D700DCF617 /* Project object */;
}
